<Solution>
  <Folder Name="/Solution Items/">
    <File Path=".editorconfig" />
    <File Path="Directory.Build.props" />
    <File Path="Directory.Packages.props" />
  </Folder>
  <Project Path="SchoolManagement.API/SchoolManagement.API.csproj" />
  <Project Path="SchoolManagement.Application/SchoolManagement.Application.csproj" />
  <Project Path="SchoolManagement.Domain/SchoolManagement.Domain.csproj" />
  <Project Path="SchoolManagement.Infrastructure/SchoolManagement.Infrastructure.csproj" />
</Solution>
